{
  "name": "jarvis-tastytrade-dxlink-read-only-sidecar",
  "version": "0.0.0",
  "lockfileVersion": 3,
  "requires": true,
  "packages": {
    "": {
      "name": "jarvis-tastytrade-dxlink-read-only-sidecar",
      "version": "0.0.0",
      "dependencies": {
        "@dxfeed/dxlink-api": "0.3.0"
      },
      "engines": {
        "node": ">=20"
      }
    },
    "node_modules/@dxfeed/dxlink-api": {
      "version": "0.3.0",
      "resolved": "https://registry.npmjs.org/@dxfeed/dxlink-api/-/dxlink-api-0.3.0.tgz",
      "integrity": "sha512-0XTR6M3kDMnhiOoR/UfCw1iUHLUY4If4u1XHG/p18P2bmUOrmGOJQQQt+2crtoHzcDnhs2tSc4ecefdsNxnTeg==",
      "license": "MPL-2.0",
      "dependencies": {
        "@dxfeed/dxlink-core": "0.3.0",
        "@dxfeed/dxlink-dom": "0.3.0",
        "@dxfeed/dxlink-feed": "0.3.0",
        "@dxfeed/dxlink-websocket-client": "0.3.0"
      }
    },
    "node_modules/@dxfeed/dxlink-core": {
      "version": "0.3.0",
      "resolved": "https://registry.npmjs.org/@dxfeed/dxlink-core/-/dxlink-core-0.3.0.tgz",
      "integrity": "sha512-Yvz9ZtNa0MonNTyaZUbOWj+5Geb6TYMJScot6NfvIKzuSktk2STTMHdmQj7wM1AyCeSwhK26jFuVbdOwABKpbw==",
      "license": "MPL-2.0"
    },
    "node_modules/@dxfeed/dxlink-dom": {
      "version": "0.3.0",
      "resolved": "https://registry.npmjs.org/@dxfeed/dxlink-dom/-/dxlink-dom-0.3.0.tgz",
      "integrity": "sha512-JUVOlz72M5LCmTwdg4bCtz15RPWDgl7Eek6FG/vzHpfIb9oNNTuxJYKU0rh44N+IRja0wfIra7ObpB0dWQuu7A==",
      "license": "MPL-2.0",
      "dependencies": {
        "@dxfeed/dxlink-core": "0.3.0"
      }
    },
    "node_modules/@dxfeed/dxlink-feed": {
      "version": "0.3.0",
      "resolved": "https://registry.npmjs.org/@dxfeed/dxlink-feed/-/dxlink-feed-0.3.0.tgz",
      "integrity": "sha512-aay3XHNEiN9RnfKYd+xvtL2hKHB2UP4OI2T/ed/7CEgrwMXOvps9yD02vPg+A2+JQusIyqG+F9OEDn1S432HNA==",
      "license": "MPL-2.0",
      "dependencies": {
        "@dxfeed/dxlink-core": "0.3.0"
      }
    },
    "node_modules/@dxfeed/dxlink-websocket-client": {
      "version": "0.3.0",
      "resolved": "https://registry.npmjs.org/@dxfeed/dxlink-websocket-client/-/dxlink-websocket-client-0.3.0.tgz",
      "integrity": "sha512-nhFKN/q1WuOmGVswVhfmI+lwPy7w9Ys5SocWn6MmCUyHkz6+tTityLIBg72yjF+rW4DZXFVmH15AgtG4f0sfVQ==",
      "license": "MPL-2.0",
      "dependencies": {
        "@dxfeed/dxlink-core": "0.3.0"
      }
    }
  }
}
